{
  "name": "dragula",
  "version": "3.7.2",
  "lockfileVersion": 1,
  "requires": true,
  "dependencies": {
    "crossvent": {
      "version": "github:nomadreservations/crossvent#583dd3dba927bc6320d03ef32924f74f68e2c7a9",
      "requires": {
        "custom-event": "1.0.1"
      }
    },
    "custom-event": {
      "version": "1.0.1",
      "resolved": "https://registry.npmjs.org/custom-event/-/custom-event-1.0.1.tgz",
      "integrity": "sha1-XQKkaFCt8bSjF5RqOSj8y1v9BCU="
    }
  }
}
